<?xml version="1.0" encoding="utf-8"?>
<Project ToolsVersion="4.0" xmlns="http://schemas.microsoft.com/developer/msbuild/2003">
  <ItemGroup>
    <Filter Include="Source Files">
      <UniqueIdentifier>{e6b1cc81-6d76-4f9b-8551-25cb0bd7cfc6}</UniqueIdentifier>
      <Extensions>cpp;c;cxx;rc;def;r;odl;idl;hpj;bat</Extensions>
    </Filter>
    <Filter Include="Header Files">
      <UniqueIdentifier>{004b22c2-76e4-4370-9b60-381648eb8fa0}</UniqueIdentifier>
      <Extensions>h;hpp;hxx;hm;inl</Extensions>
    </Filter>
    <Filter Include="Resource Files">
      <UniqueIdentifier>{7d753d39-f5bd-4f27-b4da-2840fef8c30c}</UniqueIdentifier>
      <Extensions>ico;cur;bmp;dlg;rc2;rct;bin;rgs;gif;jpg;jpeg;jpe</Extensions>
    </Filter>
  </ItemGroup>
  <ItemGroup>
    <ClCompile Include="RollerSock.cpp">
      <Filter>Source Files</Filter>
    </ClCompile>
    <ClCompile Include="StatRoll.cpp">
      <Filter>Source Files</Filter>
    </ClCompile>
    <ClCompile Include="StatRollDlg.cpp">
      <Filter>Source Files</Filter>
    </ClCompile>
    <ClCompile Include="StdAfx.cpp">
      <Filter>Source Files</Filter>
    </ClCompile>
  </ItemGroup>
  <ItemGroup>
    <None Include="statroll.hpj">
      <Filter>Source Files</Filter>
    </None>
    <None Include="res\StatRoll.rc2">
      <Filter>Resource Files</Filter>
    </None>
    <None Include="STATROLL.HLP" />
  </ItemGroup>
  <ItemGroup>
    <ResourceCompile Include="StatRoll.rc">
      <Filter>Source Files</Filter>
    </ResourceCompile>
  </ItemGroup>
  <ItemGroup>
    <ClInclude Include="Resource.h">
      <Filter>Header Files</Filter>
    </ClInclude>
    <ClInclude Include="RollerSock.h">
      <Filter>Header Files</Filter>
    </ClInclude>
    <ClInclude Include="StatRoll.h">
      <Filter>Header Files</Filter>
    </ClInclude>
    <ClInclude Include="StatRollDlg.h">
      <Filter>Header Files</Filter>
    </ClInclude>
    <ClInclude Include="StdAfx.h">
      <Filter>Header Files</Filter>
    </ClInclude>
  </ItemGroup>
  <ItemGroup>
    <Image Include="res\logo.bmp">
      <Filter>Resource Files</Filter>
    </Image>
    <Image Include="res\StatRoll.ico">
      <Filter>Resource Files</Filter>
    </Image>
  </ItemGroup>
  <ItemGroup>
    <Text Include="ReadMe.txt" />
    <Text Include="settings.txt" />
  </ItemGroup>
  <ItemGroup>
    <Media Include="gong.wav" />
  </ItemGroup>
</Project>